// !$*UTF8*$!
{
	archiveVersion = 1;
	classes = {
	};
	objectVersion = 50;
	objects = {

/* Begin PBXBuildFile section */
		2B4D157432B15A1D64420D8E /* Pods_HUCollab.framework in Frameworks */ = {isa = PBXBuildFile; fileRef = B1CF7260F574E5AF5877A591 /* Pods_HUCollab.framework */; };
		54DC622610BC00347ECCA2B1 /* Pods_HUCollabUITests.framework in Frameworks */ = {isa = PBXBuildFile; fileRef = DBAE760C1E875057BD96062F /* Pods_HUCollabUITests.framework */; };
		6118AB88224D6118002EA34C /* AppDelegate.swift in Sources */ = {isa = PBXBuildFile; fileRef = 6118AB87224D6118002EA34C /* AppDelegate.swift */; };
		6118AB8A224D6118002EA34C /* ViewController.swift in Sources */ = {isa = PBXBuildFile; fileRef = 6118AB89224D6118002EA34C /* ViewController.swift */; };
		6118AB8D224D6118002EA34C /* Main.storyboard in Resources */ = {isa = PBXBuildFile; fileRef = 6118AB8B224D6118002EA34C /* Main.storyboard */; };
		6118AB8F224D6119002EA34C /* Assets.xcassets in Resources */ = {isa = PBXBuildFile; fileRef = 6118AB8E224D6119002EA34C /* Assets.xcassets */; };
		6118AB92224D6119002EA34C /* LaunchScreen.storyboard in Resources */ = {isa = PBXBuildFile; fileRef = 6118AB90224D6119002EA34C /* LaunchScreen.storyboard */; };
		6118AB9D224D6119002EA34C /* HUCollabTests.swift in Sources */ = {isa = PBXBuildFile; fileRef = 6118AB9C224D6119002EA34C /* HUCollabTests.swift */; };
		6118ABA8224D6119002EA34C /* HUCollabUITests.swift in Sources */ = {isa = PBXBuildFile; fileRef = 6118ABA7224D6119002EA34C /* HUCollabUITests.swift */; };
		6118ABB6224D666C002EA34C /* GoogleService-Info.plist in Resources */ = {isa = PBXBuildFile; fileRef = 6118ABB5224D666C002EA34C /* GoogleService-Info.plist */; };
		6118ABB8224D70FC002EA34C /* LoginViewController.swift in Sources */ = {isa = PBXBuildFile; fileRef = 6118ABB7224D70FC002EA34C /* LoginViewController.swift */; };
		6118ABBA224D711A002EA34C /* SignUpViewController.swift in Sources */ = {isa = PBXBuildFile; fileRef = 6118ABB9224D711A002EA34C /* SignUpViewController.swift */; };
		6118ABBC224E470D002EA34C /* StartViewController.swift in Sources */ = {isa = PBXBuildFile; fileRef = 6118ABBB224E470D002EA34C /* StartViewController.swift */; };
		6118ABBE224E477C002EA34C /* HomeViewController.swift in Sources */ = {isa = PBXBuildFile; fileRef = 6118ABBD224E477C002EA34C /* HomeViewController.swift */; };
		6175A0A3225178FD0008F1F7 /* MenuViewController.swift in Sources */ = {isa = PBXBuildFile; fileRef = 6175A0A2225178FD0008F1F7 /* MenuViewController.swift */; };
		6175A0A7225226780008F1F7 /* SlideInTransition.swift in Sources */ = {isa = PBXBuildFile; fileRef = 6175A0A6225226780008F1F7 /* SlideInTransition.swift */; };
		6175A0A9225272390008F1F7 /* CreateThreadViewController.swift in Sources */ = {isa = PBXBuildFile; fileRef = 6175A0A8225272390008F1F7 /* CreateThreadViewController.swift */; };
		61C69592225E65C600302002 /* Thread.swift in Sources */ = {isa = PBXBuildFile; fileRef = 61C69591225E65C600302002 /* Thread.swift */; };
		61C69594225F82A200302002 /* ThreadViewController.swift in Sources */ = {isa = PBXBuildFile; fileRef = 61C69593225F82A200302002 /* ThreadViewController.swift */; };
		68C7BDB201652FA01B9109D6 /* Pods_HUCollabTests.framework in Frameworks */ = {isa = PBXBuildFile; fileRef = EF8974210F63681CD0392717 /* Pods_HUCollabTests.framework */; };
/* End PBXBuildFile section */

/* Begin PBXContainerItemProxy section */
		6118AB99224D6119002EA34C /* PBXContainerItemProxy */ = {
			isa = PBXContainerItemProxy;
			containerPortal = 6118AB7C224D6117002EA34C /* Project object */;
			proxyType = 1;
			remoteGlobalIDString = 6118AB83224D6118002EA34C;
			remoteInfo = HUCollab;
		};
		6118ABA4224D6119002EA34C /* PBXContainerItemProxy */ = {
			isa = PBXContainerItemProxy;
			containerPortal = 6118AB7C224D6117002EA34C /* Project object */;
			proxyType = 1;
			remoteGlobalIDString = 6118AB83224D6118002EA34C;
			remoteInfo = HUCollab;
		};
/* End PBXContainerItemProxy section */

/* Begin PBXFileReference section */
		028573B1CC69674BB59655A5 /* Pods-HUCollabTests.debug.xcconfig */ = {isa = PBXFileReference; includeInIndex = 1; lastKnownFileType = text.xcconfig; name = "Pods-HUCollabTests.debug.xcconfig"; path = "Pods/Target Support Files/Pods-HUCollabTests/Pods-HUCollabTests.debug.xcconfig"; sourceTree = "<group>"; };
		0FDBB2DA66664E651BC957F9 /* Pods-HUCollabUITests.release.xcconfig */ = {isa = PBXFileReference; includeInIndex = 1; lastKnownFileType = text.xcconfig; name = "Pods-HUCollabUITests.release.xcconfig"; path = "Pods/Target Support Files/Pods-HUCollabUITests/Pods-HUCollabUITests.release.xcconfig"; sourceTree = "<group>"; };
		1F145E04E492F9B92F06C19F /* Pods-HUCollabUITests.debug.xcconfig */ = {isa = PBXFileReference; includeInIndex = 1; lastKnownFileType = text.xcconfig; name = "Pods-HUCollabUITests.debug.xcconfig"; path = "Pods/Target Support Files/Pods-HUCollabUITests/Pods-HUCollabUITests.debug.xcconfig"; sourceTree = "<group>"; };
		415B7183468F882BE874A980 /* Pods-HUCollabTests.release.xcconfig */ = {isa = PBXFileReference; includeInIndex = 1; lastKnownFileType = text.xcconfig; name = "Pods-HUCollabTests.release.xcconfig"; path = "Pods/Target Support Files/Pods-HUCollabTests/Pods-HUCollabTests.release.xcconfig"; sourceTree = "<group>"; };
		6118AB84224D6118002EA34C /* HUCollab.app */ = {isa = PBXFileReference; explicitFileType = wrapper.application; includeInIndex = 0; path = HUCollab.app; sourceTree = BUILT_PRODUCTS_DIR; };
		6118AB87224D6118002EA34C /* AppDelegate.swift */ = {isa = PBXFileReference; lastKnownFileType = sourcecode.swift; path = AppDelegate.swift; sourceTree = "<group>"; };
		6118AB89224D6118002EA34C /* ViewController.swift */ = {isa = PBXFileReference; lastKnownFileType = sourcecode.swift; path = ViewController.swift; sourceTree = "<group>"; };
		6118AB8C224D6118002EA34C /* Base */ = {isa = PBXFileReference; lastKnownFileType = file.storyboard; name = Base; path = Base.lproj/Main.storyboard; sourceTree = "<group>"; };
		6118AB8E224D6119002EA34C /* Assets.xcassets */ = {isa = PBXFileReference; lastKnownFileType = folder.assetcatalog; path = Assets.xcassets; sourceTree = "<group>"; };
		6118AB91224D6119002EA34C /* Base */ = {isa = PBXFileReference; lastKnownFileType = file.storyboard; name = Base; path = Base.lproj/LaunchScreen.storyboard; sourceTree = "<group>"; };
		6118AB93224D6119002EA34C /* Info.plist */ = {isa = PBXFileReference; lastKnownFileType = text.plist.xml; path = Info.plist; sourceTree = "<group>"; };
		6118AB98224D6119002EA34C /* HUCollabTests.xctest */ = {isa = PBXFileReference; explicitFileType = wrapper.cfbundle; includeInIndex = 0; path = HUCollabTests.xctest; sourceTree = BUILT_PRODUCTS_DIR; };
		6118AB9C224D6119002EA34C /* HUCollabTests.swift */ = {isa = PBXFileReference; lastKnownFileType = sourcecode.swift; path = HUCollabTests.swift; sourceTree = "<group>"; };
		6118AB9E224D6119002EA34C /* Info.plist */ = {isa = PBXFileReference; lastKnownFileType = text.plist.xml; path = Info.plist; sourceTree = "<group>"; };
		6118ABA3224D6119002EA34C /* HUCollabUITests.xctest */ = {isa = PBXFileReference; explicitFileType = wrapper.cfbundle; includeInIndex = 0; path = HUCollabUITests.xctest; sourceTree = BUILT_PRODUCTS_DIR; };
		6118ABA7224D6119002EA34C /* HUCollabUITests.swift */ = {isa = PBXFileReference; lastKnownFileType = sourcecode.swift; path = HUCollabUITests.swift; sourceTree = "<group>"; };
		6118ABA9224D6119002EA34C /* Info.plist */ = {isa = PBXFileReference; lastKnownFileType = text.plist.xml; path = Info.plist; sourceTree = "<group>"; };
		6118ABB5224D666C002EA34C /* GoogleService-Info.plist */ = {isa = PBXFileReference; fileEncoding = 4; lastKnownFileType = text.plist.xml; path = "GoogleService-Info.plist"; sourceTree = "<group>"; };
		6118ABB7224D70FC002EA34C /* LoginViewController.swift */ = {isa = PBXFileReference; lastKnownFileType = sourcecode.swift; path = LoginViewController.swift; sourceTree = "<group>"; };
		6118ABB9224D711A002EA34C /* SignUpViewController.swift */ = {isa = PBXFileReference; lastKnownFileType = sourcecode.swift; name = SignUpViewController.swift; path = ../SignUpViewController.swift; sourceTree = "<group>"; };
		6118ABBB224E470D002EA34C /* StartViewController.swift */ = {isa = PBXFileReference; lastKnownFileType = sourcecode.swift; path = StartViewController.swift; sourceTree = "<group>"; };
		6118ABBD224E477C002EA34C /* HomeViewController.swift */ = {isa = PBXFileReference; lastKnownFileType = sourcecode.swift; path = HomeViewController.swift; sourceTree = "<group>"; };
		6175A0A2225178FD0008F1F7 /* MenuViewController.swift */ = {isa = PBXFileReference; lastKnownFileType = sourcecode.swift; path = MenuViewController.swift; sourceTree = "<group>"; };
		6175A0A6225226780008F1F7 /* SlideInTransition.swift */ = {isa = PBXFileReference; lastKnownFileType = sourcecode.swift; path = SlideInTransition.swift; sourceTree = "<group>"; };
		6175A0A8225272390008F1F7 /* CreateThreadViewController.swift */ = {isa = PBXFileReference; lastKnownFileType = sourcecode.swift; path = CreateThreadViewController.swift; sourceTree = "<group>"; };
		61C69591225E65C600302002 /* Thread.swift */ = {isa = PBXFileReference; lastKnownFileType = sourcecode.swift; path = Thread.swift; sourceTree = "<group>"; };
		61C69593225F82A200302002 /* ThreadViewController.swift */ = {isa = PBXFileReference; lastKnownFileType = sourcecode.swift; path = ThreadViewController.swift; sourceTree = "<group>"; };
		8DB83A74D3150390279B0BBE /* Pods-HUCollab.debug.xcconfig */ = {isa = PBXFileReference; includeInIndex = 1; lastKnownFileType = text.xcconfig; name = "Pods-HUCollab.debug.xcconfig"; path = "Pods/Target Support Files/Pods-HUCollab/Pods-HUCollab.debug.xcconfig"; sourceTree = "<group>"; };
		B1CF7260F574E5AF5877A591 /* Pods_HUCollab.framework */ = {isa = PBXFileReference; explicitFileType = wrapper.framework; includeInIndex = 0; path = Pods_HUCollab.framework; sourceTree = BUILT_PRODUCTS_DIR; };
		BFF5D4E4CFCB6B0B968BC300 /* Pods-HUCollab.release.xcconfig */ = {isa = PBXFileReference; includeInIndex = 1; lastKnownFileType = text.xcconfig; name = "Pods-HUCollab.release.xcconfig"; path = "Pods/Target Support Files/Pods-HUCollab/Pods-HUCollab.release.xcconfig"; sourceTree = "<group>"; };
		DBAE760C1E875057BD96062F /* Pods_HUCollabUITests.framework */ = {isa = PBXFileReference; explicitFileType = wrapper.framework; includeInIndex = 0; path = Pods_HUCollabUITests.framework; sourceTree = BUILT_PRODUCTS_DIR; };
		EF8974210F63681CD0392717 /* Pods_HUCollabTests.framework */ = {isa = PBXFileReference; explicitFileType = wrapper.framework; includeInIndex = 0; path = Pods_HUCollabTests.framework; sourceTree = BUILT_PRODUCTS_DIR; };
/* End PBXFileReference section */

/* Begin PBXFrameworksBuildPhase section */
		6118AB81224D6118002EA34C /* Frameworks */ = {
			isa = PBXFrameworksBuildPhase;
			buildActionMask = 2147483647;
			files = (
				2B4D157432B15A1D64420D8E /* Pods_HUCollab.framework in Frameworks */,
			);
			runOnlyForDeploymentPostprocessing = 0;
		};
		6118AB95224D6119002EA34C /* Frameworks */ = {
			isa = PBXFrameworksBuildPhase;
			buildActionMask = 2147483647;
			files = (
				68C7BDB201652FA01B9109D6 /* Pods_HUCollabTests.framework in Frameworks */,
			);
			runOnlyForDeploymentPostprocessing = 0;
		};
		6118ABA0224D6119002EA34C /* Frameworks */ = {
			isa = PBXFrameworksBuildPhase;
			buildActionMask = 2147483647;
			files = (
				54DC622610BC00347ECCA2B1 /* Pods_HUCollabUITests.framework in Frameworks */,
			);
			runOnlyForDeploymentPostprocessing = 0;
		};
/* End PBXFrameworksBuildPhase section */

/* Begin PBXGroup section */
		1ED323D59C9A5E3CD2CE394D /* Pods */ = {
			isa = PBXGroup;
			children = (
				8DB83A74D3150390279B0BBE /* Pods-HUCollab.debug.xcconfig */,
				BFF5D4E4CFCB6B0B968BC300 /* Pods-HUCollab.release.xcconfig */,
				028573B1CC69674BB59655A5 /* Pods-HUCollabTests.debug.xcconfig */,
				415B7183468F882BE874A980 /* Pods-HUCollabTests.release.xcconfig */,
				1F145E04E492F9B92F06C19F /* Pods-HUCollabUITests.debug.xcconfig */,
				0FDBB2DA66664E651BC957F9 /* Pods-HUCollabUITests.release.xcconfig */,
			);
			name = Pods;
			sourceTree = "<group>";
		};
		6118AB7B224D6117002EA34C = {
			isa = PBXGroup;
			children = (
				6118AB86224D6118002EA34C /* HUCollab */,
				6118AB9B224D6119002EA34C /* HUCollabTests */,
				6118ABA6224D6119002EA34C /* HUCollabUITests */,
				6118AB85224D6118002EA34C /* Products */,
				1ED323D59C9A5E3CD2CE394D /* Pods */,
				68A903F34A67A2F513CB8453 /* Frameworks */,
			);
			sourceTree = "<group>";
		};
		6118AB85224D6118002EA34C /* Products */ = {
			isa = PBXGroup;
			children = (
				6118AB84224D6118002EA34C /* HUCollab.app */,
				6118AB98224D6119002EA34C /* HUCollabTests.xctest */,
				6118ABA3224D6119002EA34C /* HUCollabUITests.xctest */,
			);
			name = Products;
			sourceTree = "<group>";
		};
		6118AB86224D6118002EA34C /* HUCollab */ = {
			isa = PBXGroup;
			children = (
				61C69596225F9AF000302002 /* view */,
				61C69595225F9AB200302002 /* controllers */,
				61C69590225E65A600302002 /* modal */,
				6118AB87224D6118002EA34C /* AppDelegate.swift */,
				6118AB89224D6118002EA34C /* ViewController.swift */,
				6118AB8B224D6118002EA34C /* Main.storyboard */,
				6118AB8E224D6119002EA34C /* Assets.xcassets */,
				6118AB90224D6119002EA34C /* LaunchScreen.storyboard */,
				6118AB93224D6119002EA34C /* Info.plist */,
				6118ABB5224D666C002EA34C /* GoogleService-Info.plist */,
			);
			path = HUCollab;
			sourceTree = "<group>";
		};
		6118AB9B224D6119002EA34C /* HUCollabTests */ = {
			isa = PBXGroup;
			children = (
				6118AB9C224D6119002EA34C /* HUCollabTests.swift */,
				6118AB9E224D6119002EA34C /* Info.plist */,
			);
			path = HUCollabTests;
			sourceTree = "<group>";
		};
		6118ABA6224D6119002EA34C /* HUCollabUITests */ = {
			isa = PBXGroup;
			children = (
				6118ABA7224D6119002EA34C /* HUCollabUITests.swift */,
				6118ABA9224D6119002EA34C /* Info.plist */,
			);
			path = HUCollabUITests;
			sourceTree = "<group>";
		};
		61C69590225E65A600302002 /* modal */ = {
			isa = PBXGroup;
			children = (
				61C69591225E65C600302002 /* Thread.swift */,
			);
			path = modal;
			sourceTree = "<group>";
		};
		61C69595225F9AB200302002 /* controllers */ = {
			isa = PBXGroup;
			children = (
				6118ABB7224D70FC002EA34C /* LoginViewController.swift */,
				6118ABB9224D711A002EA34C /* SignUpViewController.swift */,
				6118ABBB224E470D002EA34C /* StartViewController.swift */,
				6118ABBD224E477C002EA34C /* HomeViewController.swift */,
				6175A0A2225178FD0008F1F7 /* MenuViewController.swift */,
				6175A0A8225272390008F1F7 /* CreateThreadViewController.swift */,
				61C69593225F82A200302002 /* ThreadViewController.swift */,
			);
			path = controllers;
			sourceTree = "<group>";
		};
		61C69596225F9AF000302002 /* view */ = {
			isa = PBXGroup;
			children = (
				6175A0A6225226780008F1F7 /* SlideInTransition.swift */,
			);
			path = view;
			sourceTree = "<group>";
		};
		68A903F34A67A2F513CB8453 /* Frameworks */ = {
			isa = PBXGroup;
			children = (
				B1CF7260F574E5AF5877A591 /* Pods_HUCollab.framework */,
				EF8974210F63681CD0392717 /* Pods_HUCollabTests.framework */,
				DBAE760C1E875057BD96062F /* Pods_HUCollabUITests.framework */,
			);
			name = Frameworks;
			sourceTree = "<group>";
		};
/* End PBXGroup section */

/* Begin PBXNativeTarget section */
		6118AB83224D6118002EA34C /* HUCollab */ = {
			isa = PBXNativeTarget;
			buildConfigurationList = 6118ABAC224D6119002EA34C /* Build configuration list for PBXNativeTarget "HUCollab" */;
			buildPhases = (
				0209FDC9533EEF617C0CF59C /* [CP] Check Pods Manifest.lock */,
				6118AB80224D6118002EA34C /* Sources */,
				6118AB81224D6118002EA34C /* Frameworks */,
				6118AB82224D6118002EA34C /* Resources */,
				90325E2FB7676F2DB109E142 /* [CP] Embed Pods Frameworks */,
			);
			buildRules = (
			);
			dependencies = (
			);
			name = HUCollab;
			productName = HUCollab;
			productReference = 6118AB84224D6118002EA34C /* HUCollab.app */;
			productType = "com.apple.product-type.application";
		};
		6118AB97224D6119002EA34C /* HUCollabTests */ = {
			isa = PBXNativeTarget;
			buildConfigurationList = 6118ABAF224D6119002EA34C /* Build configuration list for PBXNativeTarget "HUCollabTests" */;
			buildPhases = (
				F51ECC7CBE2CAA0C2A4711A7 /* [CP] Check Pods Manifest.lock */,
				6118AB94224D6119002EA34C /* Sources */,
				6118AB95224D6119002EA34C /* Frameworks */,
				6118AB96224D6119002EA34C /* Resources */,
			);
			buildRules = (
			);
			dependencies = (
				6118AB9A224D6119002EA34C /* PBXTargetDependency */,
			);
			name = HUCollabTests;
			productName = HUCollabTests;
			productReference = 6118AB98224D6119002EA34C /* HUCollabTests.xctest */;
			productType = "com.apple.product-type.bundle.unit-test";
		};
		6118ABA2224D6119002EA34C /* HUCollabUITests */ = {
			isa = PBXNativeTarget;
			buildConfigurationList = 6118ABB2224D6119002EA34C /* Build configuration list for PBXNativeTarget "HUCollabUITests" */;
			buildPhases = (
				377881133CCFE2114F7752D2 /* [CP] Check Pods Manifest.lock */,
				6118AB9F224D6119002EA34C /* Sources */,
				6118ABA0224D6119002EA34C /* Frameworks */,
				6118ABA1224D6119002EA34C /* Resources */,
			);
			buildRules = (
			);
			dependencies = (
				6118ABA5224D6119002EA34C /* PBXTargetDependency */,
			);
			name = HUCollabUITests;
			productName = HUCollabUITests;
			productReference = 6118ABA3224D6119002EA34C /* HUCollabUITests.xctest */;
			productType = "com.apple.product-type.bundle.ui-testing";
		};
/* End PBXNativeTarget section */

/* Begin PBXProject section */
		6118AB7C224D6117002EA34C /* Project object */ = {
			isa = PBXProject;
			attributes = {
				LastSwiftUpdateCheck = 1020;
				LastUpgradeCheck = 1020;
				ORGANIZATIONNAME = "Suraj Upreti";
				TargetAttributes = {
					6118AB83224D6118002EA34C = {
						CreatedOnToolsVersion = 10.2;
					};
					6118AB97224D6119002EA34C = {
						CreatedOnToolsVersion = 10.2;
						TestTargetID = 6118AB83224D6118002EA34C;
					};
					6118ABA2224D6119002EA34C = {
						CreatedOnToolsVersion = 10.2;
						TestTargetID = 6118AB83224D6118002EA34C;
					};
				};
			};
			buildConfigurationList = 6118AB7F224D6117002EA34C /* Build configuration list for PBXProject "HUCollab" */;
			compatibilityVersion = "Xcode 9.3";
			developmentRegion = en;
			hasScannedForEncodings = 0;
			knownRegions = (
				en,
				Base,
			);
			mainGroup = 6118AB7B224D6117002EA34C;
			productRefGroup = 6118AB85224D6118002EA34C /* Products */;
			projectDirPath = "";
			projectRoot = "";
			targets = (
				6118AB83224D6118002EA34C /* HUCollab */,
				6118AB97224D6119002EA34C /* HUCollabTests */,
				6118ABA2224D6119002EA34C /* HUCollabUITests */,
			);
		};
/* End PBXProject section */

/* Begin PBXResourcesBuildPhase section */
		6118AB82224D6118002EA34C /* Resources */ = {
			isa = PBXResourcesBuildPhase;
			buildActionMask = 2147483647;
			files = (
				6118AB92224D6119002EA34C /* LaunchScreen.storyboard in Resources */,
				6118ABB6224D666C002EA34C /* GoogleService-Info.plist in Resources */,
				6118AB8F224D6119002EA34C /* Assets.xcassets in Resources */,
				6118AB8D224D6118002EA34C /* Main.storyboard in Resources */,
			);
			runOnlyForDeploymentPostprocessing = 0;
		};
		6118AB96224D6119002EA34C /* Resources */ = {
			isa = PBXResourcesBuildPhase;
			buildActionMask = 2147483647;
			files = (
			);
			runOnlyForDeploymentPostprocessing = 0;
		};
		6118ABA1224D6119002EA34C /* Resources */ = {
			isa = PBXResourcesBuildPhase;
			buildActionMask = 2147483647;
			files = (
			);
			runOnlyForDeploymentPostprocessing = 0;
		};
/* End PBXResourcesBuildPhase section */

/* Begin PBXShellScriptBuildPhase section */
		0209FDC9533EEF617C0CF59C /* [CP] Check Pods Manifest.lock */ = {
			isa = PBXShellScriptBuildPhase;
			buildActionMask = 2147483647;
			files = (
			);
			inputPaths = (
				"${PODS_PODFILE_DIR_PATH}/Podfile.lock",
				"${PODS_ROOT}/Manifest.lock",
			);
			name = "[CP] Check Pods Manifest.lock";
			outputPaths = (
				"$(DERIVED_FILE_DIR)/Pods-HUCollab-checkManifestLockResult.txt",
			);
			runOnlyForDeploymentPostprocessing = 0;
			shellPath = /bin/sh;
			shellScript = "diff \"${PODS_PODFILE_DIR_PATH}/Podfile.lock\" \"${PODS_ROOT}/Manifest.lock\" > /dev/null\nif [ $? != 0 ] ; then\n    # print error to STDERR\n    echo \"error: The sandbox is not in sync with the Podfile.lock. Run 'pod install' or update your CocoaPods installation.\" >&2\n    exit 1\nfi\n# This output is used by Xcode 'outputs' to avoid re-running this script phase.\necho \"SUCCESS\" > \"${SCRIPT_OUTPUT_FILE_0}\"\n";
			showEnvVarsInLog = 0;
		};
		377881133CCFE2114F7752D2 /* [CP] Check Pods Manifest.lock */ = {
			isa = PBXShellScriptBuildPhase;
			buildActionMask = 2147483647;
			files = (
			);
			inputPaths = (
				"${PODS_PODFILE_DIR_PATH}/Podfile.lock",
				"${PODS_ROOT}/Manifest.lock",
			);
			name = "[CP] Check Pods Manifest.lock";
			outputPaths = (
				"$(DERIVED_FILE_DIR)/Pods-HUCollabUITests-checkManifestLockResult.txt",
			);
			runOnlyForDeploymentPostprocessing = 0;
			shellPath = /bin/sh;
			shellScript = "diff \"${PODS_PODFILE_DIR_PATH}/Podfile.lock\" \"${PODS_ROOT}/Manifest.lock\" > /dev/null\nif [ $? != 0 ] ; then\n    # print error to STDERR\n    echo \"error: The sandbox is not in sync with the Podfile.lock. Run 'pod install' or update your CocoaPods installation.\" >&2\n    exit 1\nfi\n# This output is used by Xcode 'outputs' to avoid re-running this script phase.\necho \"SUCCESS\" > \"${SCRIPT_OUTPUT_FILE_0}\"\n";
			showEnvVarsInLog = 0;
		};
		90325E2FB7676F2DB109E142 /* [CP] Embed Pods Frameworks */ = {
			isa = PBXShellScriptBuildPhase;
			buildActionMask = 2147483647;
			files = (
			);
			inputPaths = (
				"${SRCROOT}/Pods/Target Support Files/Pods-HUCollab/Pods-HUCollab-frameworks.sh",
				"${BUILT_PRODUCTS_DIR}/GTMSessionFetcher/GTMSessionFetcher.framework",
				"${BUILT_PRODUCTS_DIR}/GoogleUtilities/GoogleUtilities.framework",
				"${BUILT_PRODUCTS_DIR}/leveldb-library/leveldb.framework",
				"${BUILT_PRODUCTS_DIR}/nanopb/nanopb.framework",
			);
			name = "[CP] Embed Pods Frameworks";
			outputPaths = (
				"${TARGET_BUILD_DIR}/${FRAMEWORKS_FOLDER_PATH}/GTMSessionFetcher.framework",
				"${TARGET_BUILD_DIR}/${FRAMEWORKS_FOLDER_PATH}/GoogleUtilities.framework",
				"${TARGET_BUILD_DIR}/${FRAMEWORKS_FOLDER_PATH}/leveldb.framework",
				"${TARGET_BUILD_DIR}/${FRAMEWORKS_FOLDER_PATH}/nanopb.framework",
			);
			runOnlyForDeploymentPostprocessing = 0;
			shellPath = /bin/sh;
			shellScript = "\"${SRCROOT}/Pods/Target Support Files/Pods-HUCollab/Pods-HUCollab-frameworks.sh\"\n";
			showEnvVarsInLog = 0;
		};
		F51ECC7CBE2CAA0C2A4711A7 /* [CP] Check Pods Manifest.lock */ = {
			isa = PBXShellScriptBuildPhase;
			buildActionMask = 2147483647;
			files = (
			);
			inputPaths = (
				"${PODS_PODFILE_DIR_PATH}/Podfile.lock",
				"${PODS_ROOT}/Manifest.lock",
			);
			name = "[CP] Check Pods Manifest.lock";
			outputPaths = (
				"$(DERIVED_FILE_DIR)/Pods-HUCollabTests-checkManifestLockResult.txt",
			);
			runOnlyForDeploymentPostprocessing = 0;
			shellPath = /bin/sh;
			shellScript = "diff \"${PODS_PODFILE_DIR_PATH}/Podfile.lock\" \"${PODS_ROOT}/Manifest.lock\" > /dev/null\nif [ $? != 0 ] ; then\n    # print error to STDERR\n    echo \"error: The sandbox is not in sync with the Podfile.lock. Run 'pod install' or update your CocoaPods installation.\" >&2\n    exit 1\nfi\n# This output is used by Xcode 'outputs' to avoid re-running this script phase.\necho \"SUCCESS\" > \"${SCRIPT_OUTPUT_FILE_0}\"\n";
			showEnvVarsInLog = 0;
		};
/* End PBXShellScriptBuildPhase section */

/* Begin PBXSourcesBuildPhase section */
		6118AB80224D6118002EA34C /* Sources */ = {
			isa = PBXSourcesBuildPhase;
			buildActionMask = 2147483647;
			files = (
				6118ABBC224E470D002EA34C /* StartViewController.swift in Sources */,
				61C69592225E65C600302002 /* Thread.swift in Sources */,
				6118ABB8224D70FC002EA34C /* LoginViewController.swift in Sources */,
				6118AB8A224D6118002EA34C /* ViewController.swift in Sources */,
				6175A0A3225178FD0008F1F7 /* MenuViewController.swift in Sources */,
				6175A0A9225272390008F1F7 /* CreateThreadViewController.swift in Sources */,
				6118ABBA224D711A002EA34C /* SignUpViewController.swift in Sources */,
				6175A0A7225226780008F1F7 /* SlideInTransition.swift in Sources */,
				61C69594225F82A200302002 /* ThreadViewController.swift in Sources */,
				6118AB88224D6118002EA34C /* AppDelegate.swift in Sources */,
				6118ABBE224E477C002EA34C /* HomeViewController.swift in Sources */,
			);
			runOnlyForDeploymentPostprocessing = 0;
		};
		6118AB94224D6119002EA34C /* Sources */ = {
			isa = PBXSourcesBuildPhase;
			buildActionMask = 2147483647;
			files = (
				6118AB9D224D6119002EA34C /* HUCollabTests.swift in Sources */,
			);
			runOnlyForDeploymentPostprocessing = 0;
		};
		6118AB9F224D6119002EA34C /* Sources */ = {
			isa = PBXSourcesBuildPhase;
			buildActionMask = 2147483647;
			files = (
				6118ABA8224D6119002EA34C /* HUCollabUITests.swift in Sources */,
			);
			runOnlyForDeploymentPostprocessing = 0;
		};
/* End PBXSourcesBuildPhase section */

/* Begin PBXTargetDependency section */
		6118AB9A224D6119002EA34C /* PBXTargetDependency */ = {
			isa = PBXTargetDependency;
			target = 6118AB83224D6118002EA34C /* HUCollab */;
			targetProxy = 6118AB99224D6119002EA34C /* PBXContainerItemProxy */;
		};
		6118ABA5224D6119002EA34C /* PBXTargetDependency */ = {
			isa = PBXTargetDependency;
			target = 6118AB83224D6118002EA34C /* HUCollab */;
			targetProxy = 6118ABA4224D6119002EA34C /* PBXContainerItemProxy */;
		};
/* End PBXTargetDependency section */

/* Begin PBXVariantGroup section */
		6118AB8B224D6118002EA34C /* Main.storyboard */ = {
			isa = PBXVariantGroup;
			children = (
				6118AB8C224D6118002EA34C /* Base */,
			);
			name = Main.storyboard;
			sourceTree = "<group>";
		};
		6118AB90224D6119002EA34C /* LaunchScreen.storyboard */ = {
			isa = PBXVariantGroup;
			children = (
				6118AB91224D6119002EA34C /* Base */,
			);
			name = LaunchScreen.storyboard;
			sourceTree = "<group>";
		};
/* End PBXVariantGroup section */

/* Begin XCBuildConfiguration section */
		6118ABAA224D6119002EA34C /* Debug */ = {
			isa = XCBuildConfiguration;
			buildSettings = {
				ALWAYS_SEARCH_USER_PATHS = NO;
				CLANG_ANALYZER_NONNULL = YES;
				CLANG_ANALYZER_NUMBER_OBJECT_CONVERSION = YES_AGGRESSIVE;
				CLANG_CXX_LANGUAGE_STANDARD = "gnu++14";
				CLANG_CXX_LIBRARY = "libc++";
				CLANG_ENABLE_MODULES = YES;
				CLANG_ENABLE_OBJC_ARC = YES;
				CLANG_ENABLE_OBJC_WEAK = YES;
				CLANG_WARN_BLOCK_CAPTURE_AUTORELEASING = YES;
				CLANG_WARN_BOOL_CONVERSION = YES;
				CLANG_WARN_COMMA = YES;
				CLANG_WARN_CONSTANT_CONVERSION = YES;
				CLANG_WARN_DEPRECATED_OBJC_IMPLEMENTATIONS = YES;
				CLANG_WARN_DIRECT_OBJC_ISA_USAGE = YES_ERROR;
				CLANG_WARN_DOCUMENTATION_COMMENTS = YES;
				CLANG_WARN_EMPTY_BODY = YES;
				CLANG_WARN_ENUM_CONVERSION = YES;
				CLANG_WARN_INFINITE_RECURSION = YES;
				CLANG_WARN_INT_CONVERSION = YES;
				CLANG_WARN_NON_LITERAL_NULL_CONVERSION = YES;
				CLANG_WARN_OBJC_IMPLICIT_RETAIN_SELF = YES;
				CLANG_WARN_OBJC_LITERAL_CONVERSION = YES;
				CLANG_WARN_OBJC_ROOT_CLASS = YES_ERROR;
				CLANG_WARN_RANGE_LOOP_ANALYSIS = YES;
				CLANG_WARN_STRICT_PROTOTYPES = YES;
				CLANG_WARN_SUSPICIOUS_MOVE = YES;
				CLANG_WARN_UNGUARDED_AVAILABILITY = YES_AGGRESSIVE;
				CLANG_WARN_UNREACHABLE_CODE = YES;
				CLANG_WARN__DUPLICATE_METHOD_MATCH = YES;
				CODE_SIGN_IDENTITY = "iPhone Developer";
				COPY_PHASE_STRIP = NO;
				DEBUG_INFORMATION_FORMAT = dwarf;
				ENABLE_STRICT_OBJC_MSGSEND = YES;
				ENABLE_TESTABILITY = YES;
				GCC_C_LANGUAGE_STANDARD = gnu11;
				GCC_DYNAMIC_NO_PIC = NO;
				GCC_NO_COMMON_BLOCKS = YES;
				GCC_OPTIMIZATION_LEVEL = 0;
				GCC_PREPROCESSOR_DEFINITIONS = (
					"DEBUG=1",
					"$(inherited)",
				);
				GCC_WARN_64_TO_32_BIT_CONVERSION = YES;
				GCC_WARN_ABOUT_RETURN_TYPE = YES_ERROR;
				GCC_WARN_UNDECLARED_SELECTOR = YES;
				GCC_WARN_UNINITIALIZED_AUTOS = YES_AGGRESSIVE;
				GCC_WARN_UNUSED_FUNCTION = YES;
				GCC_WARN_UNUSED_VARIABLE = YES;
				IPHONEOS_DEPLOYMENT_TARGET = 12.2;
				MTL_ENABLE_DEBUG_INFO = INCLUDE_SOURCE;
				MTL_FAST_MATH = YES;
				ONLY_ACTIVE_ARCH = YES;
				SDKROOT = iphoneos;
				SWIFT_ACTIVE_COMPILATION_CONDITIONS = DEBUG;
				SWIFT_OPTIMIZATION_LEVEL = "-Onone";
			};
			name = Debug;
		};
		6118ABAB224D6119002EA34C /* Release */ = {
			isa = XCBuildConfiguration;
			buildSettings = {
				ALWAYS_SEARCH_USER_PATHS = NO;
				CLANG_ANALYZER_NONNULL = YES;
				CLANG_ANALYZER_NUMBER_OBJECT_CONVERSION = YES_AGGRESSIVE;
				CLANG_CXX_LANGUAGE_STANDARD = "gnu++14";
				CLANG_CXX_LIBRARY = "libc++";
				CLANG_ENABLE_MODULES = YES;
				CLANG_ENABLE_OBJC_ARC = YES;
				CLANG_ENABLE_OBJC_WEAK = YES;
				CLANG_WARN_BLOCK_CAPTURE_AUTORELEASING = YES;
				CLANG_WARN_BOOL_CONVERSION = YES;
				CLANG_WARN_COMMA = YES;
				CLANG_WARN_CONSTANT_CONVERSION = YES;
				CLANG_WARN_DEPRECATED_OBJC_IMPLEMENTATIONS = YES;
				CLANG_WARN_DIRECT_OBJC_ISA_USAGE = YES_ERROR;
				CLANG_WARN_DOCUMENTATION_COMMENTS = YES;
				CLANG_WARN_EMPTY_BODY = YES;
				CLANG_WARN_ENUM_CONVERSION = YES;
				CLANG_WARN_INFINITE_RECURSION = YES;
				CLANG_WARN_INT_CONVERSION = YES;
				CLANG_WARN_NON_LITERAL_NULL_CONVERSION = YES;
				CLANG_WARN_OBJC_IMPLICIT_RETAIN_SELF = YES;
				CLANG_WARN_OBJC_LITERAL_CONVERSION = YES;
				CLANG_WARN_OBJC_ROOT_CLASS = YES_ERROR;
				CLANG_WARN_RANGE_LOOP_ANALYSIS = YES;
				CLANG_WARN_STRICT_PROTOTYPES = YES;
				CLANG_WARN_SUSPICIOUS_MOVE = YES;
				CLANG_WARN_UNGUARDED_AVAILABILITY = YES_AGGRESSIVE;
				CLANG_WARN_UNREACHABLE_CODE = YES;
				CLANG_WARN__DUPLICATE_METHOD_MATCH = YES;
				CODE_SIGN_IDENTITY = "iPhone Developer";
				COPY_PHASE_STRIP = NO;
				DEBUG_INFORMATION_FORMAT = "dwarf-with-dsym";
				ENABLE_NS_ASSERTIONS = NO;
				ENABLE_STRICT_OBJC_MSGSEND = YES;
				GCC_C_LANGUAGE_STANDARD = gnu11;
				GCC_NO_COMMON_BLOCKS = YES;
				GCC_WARN_64_TO_32_BIT_CONVERSION = YES;
				GCC_WARN_ABOUT_RETURN_TYPE = YES_ERROR;
				GCC_WARN_UNDECLARED_SELECTOR = YES;
				GCC_WARN_UNINITIALIZED_AUTOS = YES_AGGRESSIVE;
				GCC_WARN_UNUSED_FUNCTION = YES;
				GCC_WARN_UNUSED_VARIABLE = YES;
				IPHONEOS_DEPLOYMENT_TARGET = 12.2;
				MTL_ENABLE_DEBUG_INFO = NO;
				MTL_FAST_MATH = YES;
				SDKROOT = iphoneos;
				SWIFT_COMPILATION_MODE = wholemodule;
				SWIFT_OPTIMIZATION_LEVEL = "-O";
				VALIDATE_PRODUCT = YES;
			};
			name = Release;
		};
		6118ABAD224D6119002EA34C /* Debug */ = {
			isa = XCBuildConfiguration;
			baseConfigurationReference = 8DB83A74D3150390279B0BBE /* Pods-HUCollab.debug.xcconfig */;
			buildSettings = {
				ASSETCATALOG_COMPILER_APPICON_NAME = AppIcon;
				CODE_SIGN_STYLE = Automatic;
				DEVELOPMENT_TEAM = 3P4GW52XSG;
				INFOPLIST_FILE = HUCollab/Info.plist;
				LD_RUNPATH_SEARCH_PATHS = (
					"$(inherited)",
					"@executable_path/Frameworks",
				);
				PRODUCT_BUNDLE_IDENTIFIER = SU.HUCollab;
				PRODUCT_NAME = "$(TARGET_NAME)";
				SWIFT_VERSION = 5.0;
				TARGETED_DEVICE_FAMILY = "1,2";
			};
			name = Debug;
		};
		6118ABAE224D6119002EA34C /* Release */ = {
			isa = XCBuildConfiguration;
			baseConfigurationReference = BFF5D4E4CFCB6B0B968BC300 /* Pods-HUCollab.release.xcconfig */;
			buildSettings = {
				ASSETCATALOG_COMPILER_APPICON_NAME = AppIcon;
				CODE_SIGN_STYLE = Automatic;
				DEVELOPMENT_TEAM = 3P4GW52XSG;
				INFOPLIST_FILE = HUCollab/Info.plist;
				LD_RUNPATH_SEARCH_PATHS = (
					"$(inherited)",
					"@executable_path/Frameworks",
				);
				PRODUCT_BUNDLE_IDENTIFIER = SU.HUCollab;
				PRODUCT_NAME = "$(TARGET_NAME)";
				SWIFT_VERSION = 5.0;
				TARGETED_DEVICE_FAMILY = "1,2";
			};
			name = Release;
		};
		6118ABB0224D6119002EA34C /* Debug */ = {
			isa = XCBuildConfiguration;
			baseConfigurationReference = 028573B1CC69674BB59655A5 /* Pods-HUCollabTests.debug.xcconfig */;
			buildSettings = {
				ALWAYS_EMBED_SWIFT_STANDARD_LIBRARIES = YES;
				BUNDLE_LOADER = "$(TEST_HOST)";
				CODE_SIGN_STYLE = Automatic;
				DEVELOPMENT_TEAM = 3P4GW52XSG;
				INFOPLIST_FILE = HUCollabTests/Info.plist;
				LD_RUNPATH_SEARCH_PATHS = (
					"$(inherited)",
					"@executable_path/Frameworks",
					"@loader_path/Frameworks",
				);
				PRODUCT_BUNDLE_IDENTIFIER = SU.HUCollabTests;
				PRODUCT_NAME = "$(TARGET_NAME)";
				SWIFT_VERSION = 5.0;
				TARGETED_DEVICE_FAMILY = "1,2";
				TEST_HOST = "$(BUILT_PRODUCTS_DIR)/HUCollab.app/HUCollab";
			};
			name = Debug;
		};
		6118ABB1224D6119002EA34C /* Release */ = {
			isa = XCBuildConfiguration;
			baseConfigurationReference = 415B7183468F882BE874A980 /* Pods-HUCollabTests.release.xcconfig */;
			buildSettings = {
				ALWAYS_EMBED_SWIFT_STANDARD_LIBRARIES = YES;
				BUNDLE_LOADER = "$(TEST_HOST)";
				CODE_SIGN_STYLE = Automatic;
				DEVELOPMENT_TEAM = 3P4GW52XSG;
				INFOPLIST_FILE = HUCollabTests/Info.plist;
				LD_RUNPATH_SEARCH_PATHS = (
					"$(inherited)",
					"@executable_path/Frameworks",
					"@loader_path/Frameworks",
				);
				PRODUCT_BUNDLE_IDENTIFIER = SU.HUCollabTests;
				PRODUCT_NAME = "$(TARGET_NAME)";
				SWIFT_VERSION = 5.0;
				TARGETED_DEVICE_FAMILY = "1,2";
				TEST_HOST = "$(BUILT_PRODUCTS_DIR)/HUCollab.app/HUCollab";
			};
			name = Release;
		};
		6118ABB3224D6119002EA34C /* Debug */ = {
			isa = XCBuildConfiguration;
			baseConfigurationReference = 1F145E04E492F9B92F06C19F /* Pods-HUCollabUITests.debug.xcconfig */;
			buildSettings = {
				ALWAYS_EMBED_SWIFT_STANDARD_LIBRARIES = YES;
				CODE_SIGN_STYLE = Automatic;
				DEVELOPMENT_TEAM = 3P4GW52XSG;
				INFOPLIST_FILE = HUCollabUITests/Info.plist;
				LD_RUNPATH_SEARCH_PATHS = (
					"$(inherited)",
					"@executable_path/Frameworks",
					"@loader_path/Frameworks",
				);
				PRODUCT_BUNDLE_IDENTIFIER = SU.HUCollabUITests;
				PRODUCT_NAME = "$(TARGET_NAME)";
				SWIFT_VERSION = 5.0;
				TARGETED_DEVICE_FAMILY = "1,2";
				TEST_TARGET_NAME = HUCollab;
			};
			name = Debug;
		};
		6118ABB4224D6119002EA34C /* Release */ = {
			isa = XCBuildConfiguration;
			baseConfigurationReference = 0FDBB2DA66664E651BC957F9 /* Pods-HUCollabUITests.release.xcconfig */;
			buildSettings = {
				ALWAYS_EMBED_SWIFT_STANDARD_LIBRARIES = YES;
				CODE_SIGN_STYLE = Automatic;
				DEVELOPMENT_TEAM = 3P4GW52XSG;
				INFOPLIST_FILE = HUCollabUITests/Info.plist;
				LD_RUNPATH_SEARCH_PATHS = (
					"$(inherited)",
					"@executable_path/Frameworks",
					"@loader_path/Frameworks",
				);
				PRODUCT_BUNDLE_IDENTIFIER = SU.HUCollabUITests;
				PRODUCT_NAME = "$(TARGET_NAME)";
				SWIFT_VERSION = 5.0;
				TARGETED_DEVICE_FAMILY = "1,2";
				TEST_TARGET_NAME = HUCollab;
			};
			name = Release;
		};
/* End XCBuildConfiguration section */

/* Begin XCConfigurationList section */
		6118AB7F224D6117002EA34C /* Build configuration list for PBXProject "HUCollab" */ = {
			isa = XCConfigurationList;
			buildConfigurations = (
				6118ABAA224D6119002EA34C /* Debug */,
				6118ABAB224D6119002EA34C /* Release */,
			);
			defaultConfigurationIsVisible = 0;
			defaultConfigurationName = Release;
		};
		6118ABAC224D6119002EA34C /* Build configuration list for PBXNativeTarget "HUCollab" */ = {
			isa = XCConfigurationList;
			buildConfigurations = (
				6118ABAD224D6119002EA34C /* Debug */,
				6118ABAE224D6119002EA34C /* Release */,
			);
			defaultConfigurationIsVisible = 0;
			defaultConfigurationName = Release;
		};
		6118ABAF224D6119002EA34C /* Build configuration list for PBXNativeTarget "HUCollabTests" */ = {
			isa = XCConfigurationList;
			buildConfigurations = (
				6118ABB0224D6119002EA34C /* Debug */,
				6118ABB1224D6119002EA34C /* Release */,
			);
			defaultConfigurationIsVisible = 0;
			defaultConfigurationName = Release;
		};
		6118ABB2224D6119002EA34C /* Build configuration list for PBXNativeTarget "HUCollabUITests" */ = {
			isa = XCConfigurationList;
			buildConfigurations = (
				6118ABB3224D6119002EA34C /* Debug */,
				6118ABB4224D6119002EA34C /* Release */,
			);
			defaultConfigurationIsVisible = 0;
			defaultConfigurationName = Release;
		};
/* End XCConfigurationList section */
	};
	rootObject = 6118AB7C224D6117002EA34C /* Project object */;
}
